
Microsoft Visual Studio Solution File, Format Version 12.00
# Visual Studio Version 17
VisualStudioVersion = 17.5.33627.172
MinimumVisualStudioVersion = 10.0.40219.1
Project("{888888A0-9F3D-457C-B088-3A5042F75D52}") = "Username_Password_Login", "Username_Password_Login.pyproj", "{DC166C17-05E9-496A-97F9-ADBE56DE4F57}"
EndProject
Global
	GlobalSection(SolutionConfigurationPlatforms) = preSolution
		Debug|Any CPU = Debug|Any CPU
		Release|Any CPU = Release|Any CPU
	EndGlobalSection
	GlobalSection(ProjectConfigurationPlatforms) = postSolution
		{DC166C17-05E9-496A-97F9-ADBE56DE4F57}.Debug|Any CPU.ActiveCfg = Debug|Any CPU
		{DC166C17-05E9-496A-97F9-ADBE56DE4F57}.Release|Any CPU.ActiveCfg = Release|Any CPU
	EndGlobalSection
	GlobalSection(SolutionProperties) = preSolution
		HideSolutionNode = FALSE
	EndGlobalSection
	GlobalSection(ExtensibilityGlobals) = postSolution
		SolutionGuid = {47EC6D8F-B34F-446B-AE15-D3C039ADCD74}
	EndGlobalSection
EndGlobal
